
Microsoft Visual Studio Solution File, Format Version 11.00
# Visual Studio 2010
Project("{FAE04EC0-301F-11D3-BF4B-00C04F79EFBC}") = "JumpAndShootMan2", "Assembly-CSharp.csproj", "{06BFE18F-C377-7F4A-B42D-70AB70251F73}"
EndProject
Global
	GlobalSection(SolutionConfigurationPlatforms) = preSolution
		Debug|Any CPU = Debug|Any CPU
		Release|Any CPU = Release|Any CPU
	EndGlobalSection
	GlobalSection(ProjectConfigurationPlatforms) = postSolution
		{06BFE18F-C377-7F4A-B42D-70AB70251F73}.Debug|Any CPU.ActiveCfg = Debug|Any CPU
		{06BFE18F-C377-7F4A-B42D-70AB70251F73}.Debug|Any CPU.Build.0 = Debug|Any CPU
		{06BFE18F-C377-7F4A-B42D-70AB70251F73}.Release|Any CPU.ActiveCfg = Release|Any CPU
		{06BFE18F-C377-7F4A-B42D-70AB70251F73}.Release|Any CPU.Build.0 = Release|Any CPU
	EndGlobalSection
	GlobalSection(SolutionProperties) = preSolution
		HideSolutionNode = FALSE
	EndGlobalSection
	GlobalSection(MonoDevelopProperties) = preSolution
		StartupItem = Assembly-CSharp.csproj
	EndGlobalSection
EndGlobal
